
Microsoft Visual Studio Solution File, Format Version 12.00
# Visual Studio 2013
VisualStudioVersion = 12.0.31101.0
MinimumVisualStudioVersion = 10.0.40219.1
Project("{FAE04EC0-301F-11D3-BF4B-00C04F79EFBC}") = "DemoSwitchRenderer", "DemoSwitchRenderer\DemoSwitchRenderer\DemoSwitchRenderer.csproj", "{49769076-E208-4F69-B43F-099548E4259F}"
EndProject
Project("{FAE04EC0-301F-11D3-BF4B-00C04F79EFBC}") = "DemoSwitchRenderer.iOS", "DemoSwitchRenderer\DemoSwitchRenderer.iOS\DemoSwitchRenderer.iOS.csproj", "{D9DB64CD-A074-4723-9C19-2F7FEBF51041}"
EndProject
Project("{FAE04EC0-301F-11D3-BF4B-00C04F79EFBC}") = "DemoSwitchRenderer.Droid", "DemoSwitchRenderer\DemoSwitchRenderer.Droid\DemoSwitchRenderer.Droid.csproj", "{10DC9003-5CDE-409D-8504-4A1E157DC778}"
EndProject
Project("{FAE04EC0-301F-11D3-BF4B-00C04F79EFBC}") = "DemoSwitchRenderer.WinPhone", "DemoSwitchRenderer\DemoSwitchRenderer.WinPhone\DemoSwitchRenderer.WinPhone.csproj", "{1BBAB1BC-A25C-46EC-A8CD-DEA12DC23AEB}"
EndProject
Global
	GlobalSection(SolutionConfigurationPlatforms) = preSolution
		Ad-Hoc|Any CPU = Ad-Hoc|Any CPU
		Ad-Hoc|ARM = Ad-Hoc|ARM
		Ad-Hoc|iPhone = Ad-Hoc|iPhone
		Ad-Hoc|iPhoneSimulator = Ad-Hoc|iPhoneSimulator
		Ad-Hoc|Mixed Platforms = Ad-Hoc|Mixed Platforms
		Ad-Hoc|x86 = Ad-Hoc|x86
		AppStore|Any CPU = AppStore|Any CPU
		AppStore|ARM = AppStore|ARM
		AppStore|iPhone = AppStore|iPhone
		AppStore|iPhoneSimulator = AppStore|iPhoneSimulator
		AppStore|Mixed Platforms = AppStore|Mixed Platforms
		AppStore|x86 = AppStore|x86
		Debug|Any CPU = Debug|Any CPU
		Debug|ARM = Debug|ARM
		Debug|iPhone = Debug|iPhone
		Debug|iPhoneSimulator = Debug|iPhoneSimulator
		Debug|Mixed Platforms = Debug|Mixed Platforms
		Debug|x86 = Debug|x86
		Release|Any CPU = Release|Any CPU
		Release|ARM = Release|ARM
		Release|iPhone = Release|iPhone
		Release|iPhoneSimulator = Release|iPhoneSimulator
		Release|Mixed Platforms = Release|Mixed Platforms
		Release|x86 = Release|x86
	EndGlobalSection
	GlobalSection(ProjectConfigurationPlatforms) = postSolution
		{49769076-E208-4F69-B43F-099548E4259F}.Ad-Hoc|Any CPU.ActiveCfg = Release|Any CPU
		{49769076-E208-4F69-B43F-099548E4259F}.Ad-Hoc|Any CPU.Build.0 = Release|Any CPU
		{49769076-E208-4F69-B43F-099548E4259F}.Ad-Hoc|ARM.ActiveCfg = Release|Any CPU
		{49769076-E208-4F69-B43F-099548E4259F}.Ad-Hoc|iPhone.ActiveCfg = Release|Any CPU
		{49769076-E208-4F69-B43F-099548E4259F}.Ad-Hoc|iPhoneSimulator.ActiveCfg = Release|Any CPU
		{49769076-E208-4F69-B43F-099548E4259F}.Ad-Hoc|Mixed Platforms.ActiveCfg = Release|Any CPU
		{49769076-E208-4F69-B43F-099548E4259F}.Ad-Hoc|Mixed Platforms.Build.0 = Release|Any CPU
		{49769076-E208-4F69-B43F-099548E4259F}.Ad-Hoc|x86.ActiveCfg = Release|Any CPU
		{49769076-E208-4F69-B43F-099548E4259F}.AppStore|Any CPU.ActiveCfg = Release|Any CPU
		{49769076-E208-4F69-B43F-099548E4259F}.AppStore|Any CPU.Build.0 = Release|Any CPU
		{49769076-E208-4F69-B43F-099548E4259F}.AppStore|ARM.ActiveCfg = Release|Any CPU
		{49769076-E208-4F69-B43F-099548E4259F}.AppStore|iPhone.ActiveCfg = Release|Any CPU
		{49769076-E208-4F69-B43F-099548E4259F}.AppStore|iPhoneSimulator.ActiveCfg = Release|Any CPU
		{49769076-E208-4F69-B43F-099548E4259F}.AppStore|Mixed Platforms.ActiveCfg = Release|Any CPU
		{49769076-E208-4F69-B43F-099548E4259F}.AppStore|Mixed Platforms.Build.0 = Release|Any CPU
		{49769076-E208-4F69-B43F-099548E4259F}.AppStore|x86.ActiveCfg = Release|Any CPU
		{49769076-E208-4F69-B43F-099548E4259F}.Debug|Any CPU.ActiveCfg = Debug|Any CPU
		{49769076-E208-4F69-B43F-099548E4259F}.Debug|Any CPU.Build.0 = Debug|Any CPU
		{49769076-E208-4F69-B43F-099548E4259F}.Debug|ARM.ActiveCfg = Debug|Any CPU
		{49769076-E208-4F69-B43F-099548E4259F}.Debug|iPhone.ActiveCfg = Debug|Any CPU
		{49769076-E208-4F69-B43F-099548E4259F}.Debug|iPhone.Build.0 = Debug|Any CPU
		{49769076-E208-4F69-B43F-099548E4259F}.Debug|iPhoneSimulator.ActiveCfg = Debug|Any CPU
		{49769076-E208-4F69-B43F-099548E4259F}.Debug|iPhoneSimulator.Build.0 = Debug|Any CPU
		{49769076-E208-4F69-B43F-099548E4259F}.Debug|Mixed Platforms.ActiveCfg = Debug|Any CPU
		{49769076-E208-4F69-B43F-099548E4259F}.Debug|Mixed Platforms.Build.0 = Debug|Any CPU
		{49769076-E208-4F69-B43F-099548E4259F}.Debug|x86.ActiveCfg = Debug|Any CPU
		{49769076-E208-4F69-B43F-099548E4259F}.Release|Any CPU.ActiveCfg = Release|Any CPU
		{49769076-E208-4F69-B43F-099548E4259F}.Release|Any CPU.Build.0 = Release|Any CPU
		{49769076-E208-4F69-B43F-099548E4259F}.Release|ARM.ActiveCfg = Release|Any CPU
		{49769076-E208-4F69-B43F-099548E4259F}.Release|iPhone.ActiveCfg = Release|Any CPU
		{49769076-E208-4F69-B43F-099548E4259F}.Release|iPhoneSimulator.ActiveCfg = Release|Any CPU
		{49769076-E208-4F69-B43F-099548E4259F}.Release|Mixed Platforms.ActiveCfg = Release|Any CPU
		{49769076-E208-4F69-B43F-099548E4259F}.Release|Mixed Platforms.Build.0 = Release|Any CPU
		{49769076-E208-4F69-B43F-099548E4259F}.Release|x86.ActiveCfg = Release|Any CPU
		{D9DB64CD-A074-4723-9C19-2F7FEBF51041}.Ad-Hoc|Any CPU.ActiveCfg = Ad-Hoc|iPhone
		{D9DB64CD-A074-4723-9C19-2F7FEBF51041}.Ad-Hoc|ARM.ActiveCfg = Ad-Hoc|iPhone
		{D9DB64CD-A074-4723-9C19-2F7FEBF51041}.Ad-Hoc|iPhone.ActiveCfg = Ad-Hoc|iPhone
		{D9DB64CD-A074-4723-9C19-2F7FEBF51041}.Ad-Hoc|iPhone.Build.0 = Ad-Hoc|iPhone
		{D9DB64CD-A074-4723-9C19-2F7FEBF51041}.Ad-Hoc|iPhoneSimulator.ActiveCfg = Ad-Hoc|iPhoneSimulator
		{D9DB64CD-A074-4723-9C19-2F7FEBF51041}.Ad-Hoc|iPhoneSimulator.Build.0 = Ad-Hoc|iPhoneSimulator
		{D9DB64CD-A074-4723-9C19-2F7FEBF51041}.Ad-Hoc|Mixed Platforms.ActiveCfg = Ad-Hoc|iPhone
		{D9DB64CD-A074-4723-9C19-2F7FEBF51041}.Ad-Hoc|Mixed Platforms.Build.0 = Ad-Hoc|iPhone
		{D9DB64CD-A074-4723-9C19-2F7FEBF51041}.Ad-Hoc|x86.ActiveCfg = Ad-Hoc|iPhone
		{D9DB64CD-A074-4723-9C19-2F7FEBF51041}.AppStore|Any CPU.ActiveCfg = AppStore|iPhone
		{D9DB64CD-A074-4723-9C19-2F7FEBF51041}.AppStore|ARM.ActiveCfg = AppStore|iPhone
		{D9DB64CD-A074-4723-9C19-2F7FEBF51041}.AppStore|iPhone.ActiveCfg = AppStore|iPhone
		{D9DB64CD-A074-4723-9C19-2F7FEBF51041}.AppStore|iPhone.Build.0 = AppStore|iPhone
		{D9DB64CD-A074-4723-9C19-2F7FEBF51041}.AppStore|iPhoneSimulator.ActiveCfg = AppStore|iPhoneSimulator
		{D9DB64CD-A074-4723-9C19-2F7FEBF51041}.AppStore|iPhoneSimulator.Build.0 = AppStore|iPhoneSimulator
		{D9DB64CD-A074-4723-9C19-2F7FEBF51041}.AppStore|Mixed Platforms.ActiveCfg = AppStore|iPhone
		{D9DB64CD-A074-4723-9C19-2F7FEBF51041}.AppStore|Mixed Platforms.Build.0 = AppStore|iPhone
		{D9DB64CD-A074-4723-9C19-2F7FEBF51041}.AppStore|x86.ActiveCfg = AppStore|iPhone
		{D9DB64CD-A074-4723-9C19-2F7FEBF51041}.Debug|Any CPU.ActiveCfg = Debug|iPhone
		{D9DB64CD-A074-4723-9C19-2F7FEBF51041}.Debug|ARM.ActiveCfg = Debug|iPhone
		{D9DB64CD-A074-4723-9C19-2F7FEBF51041}.Debug|iPhone.ActiveCfg = Debug|iPhone
		{D9DB64CD-A074-4723-9C19-2F7FEBF51041}.Debug|iPhone.Build.0 = Debug|iPhone
		{D9DB64CD-A074-4723-9C19-2F7FEBF51041}.Debug|iPhoneSimulator.ActiveCfg = Debug|iPhoneSimulator
		{D9DB64CD-A074-4723-9C19-2F7FEBF51041}.Debug|iPhoneSimulator.Build.0 = Debug|iPhoneSimulator
		{D9DB64CD-A074-4723-9C19-2F7FEBF51041}.Debug|Mixed Platforms.ActiveCfg = Debug|iPhone
		{D9DB64CD-A074-4723-9C19-2F7FEBF51041}.Debug|Mixed Platforms.Build.0 = Debug|iPhone
		{D9DB64CD-A074-4723-9C19-2F7FEBF51041}.Debug|x86.ActiveCfg = Debug|iPhone
		{D9DB64CD-A074-4723-9C19-2F7FEBF51041}.Release|Any CPU.ActiveCfg = Release|iPhone
		{D9DB64CD-A074-4723-9C19-2F7FEBF51041}.Release|ARM.ActiveCfg = Release|iPhone
		{D9DB64CD-A074-4723-9C19-2F7FEBF51041}.Release|iPhone.ActiveCfg = Release|iPhone
		{D9DB64CD-A074-4723-9C19-2F7FEBF51041}.Release|iPhone.Build.0 = Release|iPhone
		{D9DB64CD-A074-4723-9C19-2F7FEBF51041}.Release|iPhoneSimulator.ActiveCfg = Release|iPhoneSimulator
		{D9DB64CD-A074-4723-9C19-2F7FEBF51041}.Release|iPhoneSimulator.Build.0 = Release|iPhoneSimulator
		{D9DB64CD-A074-4723-9C19-2F7FEBF51041}.Release|Mixed Platforms.ActiveCfg = Release|iPhone
		{D9DB64CD-A074-4723-9C19-2F7FEBF51041}.Release|Mixed Platforms.Build.0 = Release|iPhone
		{D9DB64CD-A074-4723-9C19-2F7FEBF51041}.Release|x86.ActiveCfg = Release|iPhone
		{10DC9003-5CDE-409D-8504-4A1E157DC778}.Ad-Hoc|Any CPU.ActiveCfg = Release|Any CPU
		{10DC9003-5CDE-409D-8504-4A1E157DC778}.Ad-Hoc|Any CPU.Build.0 = Release|Any CPU
		{10DC9003-5CDE-409D-8504-4A1E157DC778}.Ad-Hoc|Any CPU.Deploy.0 = Release|Any CPU
		{10DC9003-5CDE-409D-8504-4A1E157DC778}.Ad-Hoc|ARM.ActiveCfg = Release|Any CPU
		{10DC9003-5CDE-409D-8504-4A1E157DC778}.Ad-Hoc|iPhone.ActiveCfg = Release|Any CPU
		{10DC9003-5CDE-409D-8504-4A1E157DC778}.Ad-Hoc|iPhoneSimulator.ActiveCfg = Release|Any CPU
		{10DC9003-5CDE-409D-8504-4A1E157DC778}.Ad-Hoc|Mixed Platforms.ActiveCfg = Release|Any CPU
		{10DC9003-5CDE-409D-8504-4A1E157DC778}.Ad-Hoc|Mixed Platforms.Build.0 = Release|Any CPU
		{10DC9003-5CDE-409D-8504-4A1E157DC778}.Ad-Hoc|Mixed Platforms.Deploy.0 = Release|Any CPU
		{10DC9003-5CDE-409D-8504-4A1E157DC778}.Ad-Hoc|x86.ActiveCfg = Release|Any CPU
		{10DC9003-5CDE-409D-8504-4A1E157DC778}.AppStore|Any CPU.ActiveCfg = Release|Any CPU
		{10DC9003-5CDE-409D-8504-4A1E157DC778}.AppStore|Any CPU.Build.0 = Release|Any CPU
		{10DC9003-5CDE-409D-8504-4A1E157DC778}.AppStore|Any CPU.Deploy.0 = Release|Any CPU
		{10DC9003-5CDE-409D-8504-4A1E157DC778}.AppStore|ARM.ActiveCfg = Release|Any CPU
		{10DC9003-5CDE-409D-8504-4A1E157DC778}.AppStore|iPhone.ActiveCfg = Release|Any CPU
		{10DC9003-5CDE-409D-8504-4A1E157DC778}.AppStore|iPhoneSimulator.ActiveCfg = Release|Any CPU
		{10DC9003-5CDE-409D-8504-4A1E157DC778}.AppStore|Mixed Platforms.ActiveCfg = Release|Any CPU
		{10DC9003-5CDE-409D-8504-4A1E157DC778}.AppStore|Mixed Platforms.Build.0 = Release|Any CPU
		{10DC9003-5CDE-409D-8504-4A1E157DC778}.AppStore|Mixed Platforms.Deploy.0 = Release|Any CPU
		{10DC9003-5CDE-409D-8504-4A1E157DC778}.AppStore|x86.ActiveCfg = Release|Any CPU
		{10DC9003-5CDE-409D-8504-4A1E157DC778}.Debug|Any CPU.ActiveCfg = Debug|Any CPU
		{10DC9003-5CDE-409D-8504-4A1E157DC778}.Debug|Any CPU.Build.0 = Debug|Any CPU
		{10DC9003-5CDE-409D-8504-4A1E157DC778}.Debug|Any CPU.Deploy.0 = Debug|Any CPU
		{10DC9003-5CDE-409D-8504-4A1E157DC778}.Debug|ARM.ActiveCfg = Debug|Any CPU
		{10DC9003-5CDE-409D-8504-4A1E157DC778}.Debug|iPhone.ActiveCfg = Debug|Any CPU
		{10DC9003-5CDE-409D-8504-4A1E157DC778}.Debug|iPhoneSimulator.ActiveCfg = Debug|Any CPU
		{10DC9003-5CDE-409D-8504-4A1E157DC778}.Debug|Mixed Platforms.ActiveCfg = Debug|Any CPU
		{10DC9003-5CDE-409D-8504-4A1E157DC778}.Debug|Mixed Platforms.Build.0 = Debug|Any CPU
		{10DC9003-5CDE-409D-8504-4A1E157DC778}.Debug|Mixed Platforms.Deploy.0 = Debug|Any CPU
		{10DC9003-5CDE-409D-8504-4A1E157DC778}.Debug|x86.ActiveCfg = Debug|Any CPU
		{10DC9003-5CDE-409D-8504-4A1E157DC778}.Release|Any CPU.ActiveCfg = Release|Any CPU
		{10DC9003-5CDE-409D-8504-4A1E157DC778}.Release|Any CPU.Build.0 = Release|Any CPU
		{10DC9003-5CDE-409D-8504-4A1E157DC778}.Release|Any CPU.Deploy.0 = Release|Any CPU
		{10DC9003-5CDE-409D-8504-4A1E157DC778}.Release|ARM.ActiveCfg = Release|Any CPU
		{10DC9003-5CDE-409D-8504-4A1E157DC778}.Release|iPhone.ActiveCfg = Release|Any CPU
		{10DC9003-5CDE-409D-8504-4A1E157DC778}.Release|iPhoneSimulator.ActiveCfg = Release|Any CPU
		{10DC9003-5CDE-409D-8504-4A1E157DC778}.Release|Mixed Platforms.ActiveCfg = Release|Any CPU
		{10DC9003-5CDE-409D-8504-4A1E157DC778}.Release|Mixed Platforms.Build.0 = Release|Any CPU
		{10DC9003-5CDE-409D-8504-4A1E157DC778}.Release|Mixed Platforms.Deploy.0 = Release|Any CPU
		{10DC9003-5CDE-409D-8504-4A1E157DC778}.Release|x86.ActiveCfg = Release|Any CPU
		{1BBAB1BC-A25C-46EC-A8CD-DEA12DC23AEB}.Ad-Hoc|Any CPU.ActiveCfg = Release|Any CPU
		{1BBAB1BC-A25C-46EC-A8CD-DEA12DC23AEB}.Ad-Hoc|Any CPU.Build.0 = Release|Any CPU
		{1BBAB1BC-A25C-46EC-A8CD-DEA12DC23AEB}.Ad-Hoc|Any CPU.Deploy.0 = Release|Any CPU
		{1BBAB1BC-A25C-46EC-A8CD-DEA12DC23AEB}.Ad-Hoc|ARM.ActiveCfg = Release|ARM
		{1BBAB1BC-A25C-46EC-A8CD-DEA12DC23AEB}.Ad-Hoc|ARM.Build.0 = Release|ARM
		{1BBAB1BC-A25C-46EC-A8CD-DEA12DC23AEB}.Ad-Hoc|ARM.Deploy.0 = Release|ARM
		{1BBAB1BC-A25C-46EC-A8CD-DEA12DC23AEB}.Ad-Hoc|iPhone.ActiveCfg = Release|Any CPU
		{1BBAB1BC-A25C-46EC-A8CD-DEA12DC23AEB}.Ad-Hoc|iPhoneSimulator.ActiveCfg = Release|Any CPU
		{1BBAB1BC-A25C-46EC-A8CD-DEA12DC23AEB}.Ad-Hoc|Mixed Platforms.ActiveCfg = Release|x86
		{1BBAB1BC-A25C-46EC-A8CD-DEA12DC23AEB}.Ad-Hoc|Mixed Platforms.Build.0 = Release|x86
		{1BBAB1BC-A25C-46EC-A8CD-DEA12DC23AEB}.Ad-Hoc|Mixed Platforms.Deploy.0 = Release|x86
		{1BBAB1BC-A25C-46EC-A8CD-DEA12DC23AEB}.Ad-Hoc|x86.ActiveCfg = Release|x86
		{1BBAB1BC-A25C-46EC-A8CD-DEA12DC23AEB}.Ad-Hoc|x86.Build.0 = Release|x86
		{1BBAB1BC-A25C-46EC-A8CD-DEA12DC23AEB}.Ad-Hoc|x86.Deploy.0 = Release|x86
		{1BBAB1BC-A25C-46EC-A8CD-DEA12DC23AEB}.AppStore|Any CPU.ActiveCfg = Release|Any CPU
		{1BBAB1BC-A25C-46EC-A8CD-DEA12DC23AEB}.AppStore|Any CPU.Build.0 = Release|Any CPU
		{1BBAB1BC-A25C-46EC-A8CD-DEA12DC23AEB}.AppStore|Any CPU.Deploy.0 = Release|Any CPU
		{1BBAB1BC-A25C-46EC-A8CD-DEA12DC23AEB}.AppStore|ARM.ActiveCfg = Release|ARM
		{1BBAB1BC-A25C-46EC-A8CD-DEA12DC23AEB}.AppStore|ARM.Build.0 = Release|ARM
		{1BBAB1BC-A25C-46EC-A8CD-DEA12DC23AEB}.AppStore|ARM.Deploy.0 = Release|ARM
		{1BBAB1BC-A25C-46EC-A8CD-DEA12DC23AEB}.AppStore|iPhone.ActiveCfg = Release|Any CPU
		{1BBAB1BC-A25C-46EC-A8CD-DEA12DC23AEB}.AppStore|iPhoneSimulator.ActiveCfg = Release|Any CPU
		{1BBAB1BC-A25C-46EC-A8CD-DEA12DC23AEB}.AppStore|Mixed Platforms.ActiveCfg = Release|x86
		{1BBAB1BC-A25C-46EC-A8CD-DEA12DC23AEB}.AppStore|Mixed Platforms.Build.0 = Release|x86
		{1BBAB1BC-A25C-46EC-A8CD-DEA12DC23AEB}.AppStore|Mixed Platforms.Deploy.0 = Release|x86
		{1BBAB1BC-A25C-46EC-A8CD-DEA12DC23AEB}.AppStore|x86.ActiveCfg = Release|x86
		{1BBAB1BC-A25C-46EC-A8CD-DEA12DC23AEB}.AppStore|x86.Build.0 = Release|x86
		{1BBAB1BC-A25C-46EC-A8CD-DEA12DC23AEB}.AppStore|x86.Deploy.0 = Release|x86
		{1BBAB1BC-A25C-46EC-A8CD-DEA12DC23AEB}.Debug|Any CPU.ActiveCfg = Debug|Any CPU
		{1BBAB1BC-A25C-46EC-A8CD-DEA12DC23AEB}.Debug|Any CPU.Build.0 = Debug|Any CPU
		{1BBAB1BC-A25C-46EC-A8CD-DEA12DC23AEB}.Debug|Any CPU.Deploy.0 = Debug|Any CPU
		{1BBAB1BC-A25C-46EC-A8CD-DEA12DC23AEB}.Debug|ARM.ActiveCfg = Debug|ARM
		{1BBAB1BC-A25C-46EC-A8CD-DEA12DC23AEB}.Debug|ARM.Build.0 = Debug|ARM
		{1BBAB1BC-A25C-46EC-A8CD-DEA12DC23AEB}.Debug|ARM.Deploy.0 = Debug|ARM
		{1BBAB1BC-A25C-46EC-A8CD-DEA12DC23AEB}.Debug|iPhone.ActiveCfg = Debug|Any CPU
		{1BBAB1BC-A25C-46EC-A8CD-DEA12DC23AEB}.Debug|iPhoneSimulator.ActiveCfg = Debug|Any CPU
		{1BBAB1BC-A25C-46EC-A8CD-DEA12DC23AEB}.Debug|Mixed Platforms.ActiveCfg = Debug|x86
		{1BBAB1BC-A25C-46EC-A8CD-DEA12DC23AEB}.Debug|Mixed Platforms.Build.0 = Debug|x86
		{1BBAB1BC-A25C-46EC-A8CD-DEA12DC23AEB}.Debug|Mixed Platforms.Deploy.0 = Debug|x86
		{1BBAB1BC-A25C-46EC-A8CD-DEA12DC23AEB}.Debug|x86.ActiveCfg = Debug|x86
		{1BBAB1BC-A25C-46EC-A8CD-DEA12DC23AEB}.Debug|x86.Build.0 = Debug|x86
		{1BBAB1BC-A25C-46EC-A8CD-DEA12DC23AEB}.Debug|x86.Deploy.0 = Debug|x86
		{1BBAB1BC-A25C-46EC-A8CD-DEA12DC23AEB}.Release|Any CPU.ActiveCfg = Release|Any CPU
		{1BBAB1BC-A25C-46EC-A8CD-DEA12DC23AEB}.Release|Any CPU.Build.0 = Release|Any CPU
		{1BBAB1BC-A25C-46EC-A8CD-DEA12DC23AEB}.Release|Any CPU.Deploy.0 = Release|Any CPU
		{1BBAB1BC-A25C-46EC-A8CD-DEA12DC23AEB}.Release|ARM.ActiveCfg = Release|ARM
		{1BBAB1BC-A25C-46EC-A8CD-DEA12DC23AEB}.Release|ARM.Build.0 = Release|ARM
		{1BBAB1BC-A25C-46EC-A8CD-DEA12DC23AEB}.Release|ARM.Deploy.0 = Release|ARM
		{1BBAB1BC-A25C-46EC-A8CD-DEA12DC23AEB}.Release|iPhone.ActiveCfg = Release|Any CPU
		{1BBAB1BC-A25C-46EC-A8CD-DEA12DC23AEB}.Release|iPhoneSimulator.ActiveCfg = Release|Any CPU
		{1BBAB1BC-A25C-46EC-A8CD-DEA12DC23AEB}.Release|Mixed Platforms.ActiveCfg = Release|x86
		{1BBAB1BC-A25C-46EC-A8CD-DEA12DC23AEB}.Release|Mixed Platforms.Build.0 = Release|x86
		{1BBAB1BC-A25C-46EC-A8CD-DEA12DC23AEB}.Release|Mixed Platforms.Deploy.0 = Release|x86
		{1BBAB1BC-A25C-46EC-A8CD-DEA12DC23AEB}.Release|x86.ActiveCfg = Release|x86
		{1BBAB1BC-A25C-46EC-A8CD-DEA12DC23AEB}.Release|x86.Build.0 = Release|x86
		{1BBAB1BC-A25C-46EC-A8CD-DEA12DC23AEB}.Release|x86.Deploy.0 = Release|x86
	EndGlobalSection
	GlobalSection(SolutionProperties) = preSolution
		HideSolutionNode = FALSE
	EndGlobalSection
EndGlobal
